
Microsoft Visual Studio Solution File, Format Version 12.00
# Visual Studio Version 16
VisualStudioVersion = 16.0.28917.181
MinimumVisualStudioVersion = 10.0.40219.1
Project("{FAE04EC0-301F-11D3-BF4B-00C04F79EFBC}") = "Level2", "Level2.csproj", "{A8368C2B-30CC-442C-904F-07A5C9EACF23}"
EndProject
Global
	GlobalSection(SolutionConfigurationPlatforms) = preSolution
		Debug|Any CPU = Debug|Any CPU
		Release|Any CPU = Release|Any CPU
	EndGlobalSection
	GlobalSection(ProjectConfigurationPlatforms) = postSolution
		{A8368C2B-30CC-442C-904F-07A5C9EACF23}.Debug|Any CPU.ActiveCfg = Debug|Any CPU
		{A8368C2B-30CC-442C-904F-07A5C9EACF23}.Debug|Any CPU.Build.0 = Debug|Any CPU
		{A8368C2B-30CC-442C-904F-07A5C9EACF23}.Release|Any CPU.ActiveCfg = Release|Any CPU
		{A8368C2B-30CC-442C-904F-07A5C9EACF23}.Release|Any CPU.Build.0 = Release|Any CPU
	EndGlobalSection
	GlobalSection(SolutionProperties) = preSolution
		HideSolutionNode = FALSE
	EndGlobalSection
	GlobalSection(ExtensibilityGlobals) = postSolution
		SolutionGuid = {67B77ED8-9D35-4CF9-B555-1D1EAF493C94}
	EndGlobalSection
EndGlobal
